// !$*UTF8*$!
{
	archiveVersion = 1;
	classes = {
	};
	objectVersion = 50;
	objects = {

/* Begin PBXBuildFile section */
		F60002652186217900C661CB /* AppDelegate.swift in Sources */ = {isa = PBXBuildFile; fileRef = F60002642186217900C661CB /* AppDelegate.swift */; };
		F60002672186217900C661CB /* ViewController.swift in Sources */ = {isa = PBXBuildFile; fileRef = F60002662186217900C661CB /* ViewController.swift */; };
		F600026A2186217900C661CB /* Main.storyboard in Resources */ = {isa = PBXBuildFile; fileRef = F60002682186217900C661CB /* Main.storyboard */; };
		F600026C2186217C00C661CB /* Assets.xcassets in Resources */ = {isa = PBXBuildFile; fileRef = F600026B2186217C00C661CB /* Assets.xcassets */; };
		F600026F2186217C00C661CB /* LaunchScreen.storyboard in Resources */ = {isa = PBXBuildFile; fileRef = F600026D2186217C00C661CB /* LaunchScreen.storyboard */; };
		F600027A2186217C00C661CB /* TinderTests.swift in Sources */ = {isa = PBXBuildFile; fileRef = F60002792186217C00C661CB /* TinderTests.swift */; };
		F60002852186217C00C661CB /* TinderUITests.swift in Sources */ = {isa = PBXBuildFile; fileRef = F60002842186217C00C661CB /* TinderUITests.swift */; };
		F6000293218622CC00C661CB /* CardsViewController.swift in Sources */ = {isa = PBXBuildFile; fileRef = F6000292218622CC00C661CB /* CardsViewController.swift */; };
		F60002952186231600C661CB /* ProfileViewController.swift in Sources */ = {isa = PBXBuildFile; fileRef = F60002942186231600C661CB /* ProfileViewController.swift */; };
		F69B9CD721863AFB000E5885 /* FadeTransition.swift in Sources */ = {isa = PBXBuildFile; fileRef = F69B9CD621863AFB000E5885 /* FadeTransition.swift */; };
		F69B9CD921863B3C000E5885 /* BaseTransition.swift in Sources */ = {isa = PBXBuildFile; fileRef = F69B9CD821863B3C000E5885 /* BaseTransition.swift */; };
/* End PBXBuildFile section */

/* Begin PBXContainerItemProxy section */
		F60002762186217C00C661CB /* PBXContainerItemProxy */ = {
			isa = PBXContainerItemProxy;
			containerPortal = F60002592186217900C661CB /* Project object */;
			proxyType = 1;
			remoteGlobalIDString = F60002602186217900C661CB;
			remoteInfo = Tinder;
		};
		F60002812186217C00C661CB /* PBXContainerItemProxy */ = {
			isa = PBXContainerItemProxy;
			containerPortal = F60002592186217900C661CB /* Project object */;
			proxyType = 1;
			remoteGlobalIDString = F60002602186217900C661CB;
			remoteInfo = Tinder;
		};
/* End PBXContainerItemProxy section */

/* Begin PBXFileReference section */
		F60002612186217900C661CB /* Tinder.app */ = {isa = PBXFileReference; explicitFileType = wrapper.application; includeInIndex = 0; path = Tinder.app; sourceTree = BUILT_PRODUCTS_DIR; };
		F60002642186217900C661CB /* AppDelegate.swift */ = {isa = PBXFileReference; lastKnownFileType = sourcecode.swift; path = AppDelegate.swift; sourceTree = "<group>"; };
		F60002662186217900C661CB /* ViewController.swift */ = {isa = PBXFileReference; lastKnownFileType = sourcecode.swift; path = ViewController.swift; sourceTree = "<group>"; };
		F60002692186217900C661CB /* Base */ = {isa = PBXFileReference; lastKnownFileType = file.storyboard; name = Base; path = Base.lproj/Main.storyboard; sourceTree = "<group>"; };
		F600026B2186217C00C661CB /* Assets.xcassets */ = {isa = PBXFileReference; lastKnownFileType = folder.assetcatalog; path = Assets.xcassets; sourceTree = "<group>"; };
		F600026E2186217C00C661CB /* Base */ = {isa = PBXFileReference; lastKnownFileType = file.storyboard; name = Base; path = Base.lproj/LaunchScreen.storyboard; sourceTree = "<group>"; };
		F60002702186217C00C661CB /* Info.plist */ = {isa = PBXFileReference; lastKnownFileType = text.plist.xml; path = Info.plist; sourceTree = "<group>"; };
		F60002752186217C00C661CB /* TinderTests.xctest */ = {isa = PBXFileReference; explicitFileType = wrapper.cfbundle; includeInIndex = 0; path = TinderTests.xctest; sourceTree = BUILT_PRODUCTS_DIR; };
		F60002792186217C00C661CB /* TinderTests.swift */ = {isa = PBXFileReference; lastKnownFileType = sourcecode.swift; path = TinderTests.swift; sourceTree = "<group>"; };
		F600027B2186217C00C661CB /* Info.plist */ = {isa = PBXFileReference; lastKnownFileType = text.plist.xml; path = Info.plist; sourceTree = "<group>"; };
		F60002802186217C00C661CB /* TinderUITests.xctest */ = {isa = PBXFileReference; explicitFileType = wrapper.cfbundle; includeInIndex = 0; path = TinderUITests.xctest; sourceTree = BUILT_PRODUCTS_DIR; };
		F60002842186217C00C661CB /* TinderUITests.swift */ = {isa = PBXFileReference; lastKnownFileType = sourcecode.swift; path = TinderUITests.swift; sourceTree = "<group>"; };
		F60002862186217C00C661CB /* Info.plist */ = {isa = PBXFileReference; lastKnownFileType = text.plist.xml; path = Info.plist; sourceTree = "<group>"; };
		F6000292218622CC00C661CB /* CardsViewController.swift */ = {isa = PBXFileReference; lastKnownFileType = sourcecode.swift; path = CardsViewController.swift; sourceTree = "<group>"; };
		F60002942186231600C661CB /* ProfileViewController.swift */ = {isa = PBXFileReference; lastKnownFileType = sourcecode.swift; path = ProfileViewController.swift; sourceTree = "<group>"; };
		F69B9CD621863AFB000E5885 /* FadeTransition.swift */ = {isa = PBXFileReference; lastKnownFileType = sourcecode.swift; path = FadeTransition.swift; sourceTree = "<group>"; };
		F69B9CD821863B3C000E5885 /* BaseTransition.swift */ = {isa = PBXFileReference; lastKnownFileType = sourcecode.swift; path = BaseTransition.swift; sourceTree = "<group>"; };
/* End PBXFileReference section */

/* Begin PBXFrameworksBuildPhase section */
		F600025E2186217900C661CB /* Frameworks */ = {
			isa = PBXFrameworksBuildPhase;
			buildActionMask = 2147483647;
			files = (
			);
			runOnlyForDeploymentPostprocessing = 0;
		};
		F60002722186217C00C661CB /* Frameworks */ = {
			isa = PBXFrameworksBuildPhase;
			buildActionMask = 2147483647;
			files = (
			);
			runOnlyForDeploymentPostprocessing = 0;
		};
		F600027D2186217C00C661CB /* Frameworks */ = {
			isa = PBXFrameworksBuildPhase;
			buildActionMask = 2147483647;
			files = (
			);
			runOnlyForDeploymentPostprocessing = 0;
		};
/* End PBXFrameworksBuildPhase section */

/* Begin PBXGroup section */
		F60002582186217900C661CB = {
			isa = PBXGroup;
			children = (
				F60002632186217900C661CB /* Tinder */,
				F60002782186217C00C661CB /* TinderTests */,
				F60002832186217C00C661CB /* TinderUITests */,
				F60002622186217900C661CB /* Products */,
			);
			sourceTree = "<group>";
		};
		F60002622186217900C661CB /* Products */ = {
			isa = PBXGroup;
			children = (
				F60002612186217900C661CB /* Tinder.app */,
				F60002752186217C00C661CB /* TinderTests.xctest */,
				F60002802186217C00C661CB /* TinderUITests.xctest */,
			);
			name = Products;
			sourceTree = "<group>";
		};
		F60002632186217900C661CB /* Tinder */ = {
			isa = PBXGroup;
			children = (
				F60002642186217900C661CB /* AppDelegate.swift */,
				F60002662186217900C661CB /* ViewController.swift */,
				F60002682186217900C661CB /* Main.storyboard */,
				F600026B2186217C00C661CB /* Assets.xcassets */,
				F600026D2186217C00C661CB /* LaunchScreen.storyboard */,
				F60002702186217C00C661CB /* Info.plist */,
				F6000292218622CC00C661CB /* CardsViewController.swift */,
				F60002942186231600C661CB /* ProfileViewController.swift */,
				F69B9CD621863AFB000E5885 /* FadeTransition.swift */,
				F69B9CD821863B3C000E5885 /* BaseTransition.swift */,
			);
			path = Tinder;
			sourceTree = "<group>";
		};
		F60002782186217C00C661CB /* TinderTests */ = {
			isa = PBXGroup;
			children = (
				F60002792186217C00C661CB /* TinderTests.swift */,
				F600027B2186217C00C661CB /* Info.plist */,
			);
			path = TinderTests;
			sourceTree = "<group>";
		};
		F60002832186217C00C661CB /* TinderUITests */ = {
			isa = PBXGroup;
			children = (
				F60002842186217C00C661CB /* TinderUITests.swift */,
				F60002862186217C00C661CB /* Info.plist */,
			);
			path = TinderUITests;
			sourceTree = "<group>";
		};
/* End PBXGroup section */

/* Begin PBXNativeTarget section */
		F60002602186217900C661CB /* Tinder */ = {
			isa = PBXNativeTarget;
			buildConfigurationList = F60002892186217C00C661CB /* Build configuration list for PBXNativeTarget "Tinder" */;
			buildPhases = (
				F600025D2186217900C661CB /* Sources */,
				F600025E2186217900C661CB /* Frameworks */,
				F600025F2186217900C661CB /* Resources */,
			);
			buildRules = (
			);
			dependencies = (
			);
			name = Tinder;
			productName = Tinder;
			productReference = F60002612186217900C661CB /* Tinder.app */;
			productType = "com.apple.product-type.application";
		};
		F60002742186217C00C661CB /* TinderTests */ = {
			isa = PBXNativeTarget;
			buildConfigurationList = F600028C2186217C00C661CB /* Build configuration list for PBXNativeTarget "TinderTests" */;
			buildPhases = (
				F60002712186217C00C661CB /* Sources */,
				F60002722186217C00C661CB /* Frameworks */,
				F60002732186217C00C661CB /* Resources */,
			);
			buildRules = (
			);
			dependencies = (
				F60002772186217C00C661CB /* PBXTargetDependency */,
			);
			name = TinderTests;
			productName = TinderTests;
			productReference = F60002752186217C00C661CB /* TinderTests.xctest */;
			productType = "com.apple.product-type.bundle.unit-test";
		};
		F600027F2186217C00C661CB /* TinderUITests */ = {
			isa = PBXNativeTarget;
			buildConfigurationList = F600028F2186217C00C661CB /* Build configuration list for PBXNativeTarget "TinderUITests" */;
			buildPhases = (
				F600027C2186217C00C661CB /* Sources */,
				F600027D2186217C00C661CB /* Frameworks */,
				F600027E2186217C00C661CB /* Resources */,
			);
			buildRules = (
			);
			dependencies = (
				F60002822186217C00C661CB /* PBXTargetDependency */,
			);
			name = TinderUITests;
			productName = TinderUITests;
			productReference = F60002802186217C00C661CB /* TinderUITests.xctest */;
			productType = "com.apple.product-type.bundle.ui-testing";
		};
/* End PBXNativeTarget section */

/* Begin PBXProject section */
		F60002592186217900C661CB /* Project object */ = {
			isa = PBXProject;
			attributes = {
				LastSwiftUpdateCheck = 1000;
				LastUpgradeCheck = 1000;
				ORGANIZATIONNAME = "Shrijan Aryal";
				TargetAttributes = {
					F60002602186217900C661CB = {
						CreatedOnToolsVersion = 10.0;
					};
					F60002742186217C00C661CB = {
						CreatedOnToolsVersion = 10.0;
						TestTargetID = F60002602186217900C661CB;
					};
					F600027F2186217C00C661CB = {
						CreatedOnToolsVersion = 10.0;
						TestTargetID = F60002602186217900C661CB;
					};
				};
			};
			buildConfigurationList = F600025C2186217900C661CB /* Build configuration list for PBXProject "Tinder" */;
			compatibilityVersion = "Xcode 9.3";
			developmentRegion = en;
			hasScannedForEncodings = 0;
			knownRegions = (
				en,
				Base,
			);
			mainGroup = F60002582186217900C661CB;
			productRefGroup = F60002622186217900C661CB /* Products */;
			projectDirPath = "";
			projectRoot = "";
			targets = (
				F60002602186217900C661CB /* Tinder */,
				F60002742186217C00C661CB /* TinderTests */,
				F600027F2186217C00C661CB /* TinderUITests */,
			);
		};
/* End PBXProject section */

/* Begin PBXResourcesBuildPhase section */
		F600025F2186217900C661CB /* Resources */ = {
			isa = PBXResourcesBuildPhase;
			buildActionMask = 2147483647;
			files = (
				F600026F2186217C00C661CB /* LaunchScreen.storyboard in Resources */,
				F600026C2186217C00C661CB /* Assets.xcassets in Resources */,
				F600026A2186217900C661CB /* Main.storyboard in Resources */,
			);
			runOnlyForDeploymentPostprocessing = 0;
		};
		F60002732186217C00C661CB /* Resources */ = {
			isa = PBXResourcesBuildPhase;
			buildActionMask = 2147483647;
			files = (
			);
			runOnlyForDeploymentPostprocessing = 0;
		};
		F600027E2186217C00C661CB /* Resources */ = {
			isa = PBXResourcesBuildPhase;
			buildActionMask = 2147483647;
			files = (
			);
			runOnlyForDeploymentPostprocessing = 0;
		};
/* End PBXResourcesBuildPhase section */

/* Begin PBXSourcesBuildPhase section */
		F600025D2186217900C661CB /* Sources */ = {
			isa = PBXSourcesBuildPhase;
			buildActionMask = 2147483647;
			files = (
				F60002952186231600C661CB /* ProfileViewController.swift in Sources */,
				F69B9CD921863B3C000E5885 /* BaseTransition.swift in Sources */,
				F60002672186217900C661CB /* ViewController.swift in Sources */,
				F60002652186217900C661CB /* AppDelegate.swift in Sources */,
				F69B9CD721863AFB000E5885 /* FadeTransition.swift in Sources */,
				F6000293218622CC00C661CB /* CardsViewController.swift in Sources */,
			);
			runOnlyForDeploymentPostprocessing = 0;
		};
		F60002712186217C00C661CB /* Sources */ = {
			isa = PBXSourcesBuildPhase;
			buildActionMask = 2147483647;
			files = (
				F600027A2186217C00C661CB /* TinderTests.swift in Sources */,
			);
			runOnlyForDeploymentPostprocessing = 0;
		};
		F600027C2186217C00C661CB /* Sources */ = {
			isa = PBXSourcesBuildPhase;
			buildActionMask = 2147483647;
			files = (
				F60002852186217C00C661CB /* TinderUITests.swift in Sources */,
			);
			runOnlyForDeploymentPostprocessing = 0;
		};
/* End PBXSourcesBuildPhase section */

/* Begin PBXTargetDependency section */
		F60002772186217C00C661CB /* PBXTargetDependency */ = {
			isa = PBXTargetDependency;
			target = F60002602186217900C661CB /* Tinder */;
			targetProxy = F60002762186217C00C661CB /* PBXContainerItemProxy */;
		};
		F60002822186217C00C661CB /* PBXTargetDependency */ = {
			isa = PBXTargetDependency;
			target = F60002602186217900C661CB /* Tinder */;
			targetProxy = F60002812186217C00C661CB /* PBXContainerItemProxy */;
		};
/* End PBXTargetDependency section */

/* Begin PBXVariantGroup section */
		F60002682186217900C661CB /* Main.storyboard */ = {
			isa = PBXVariantGroup;
			children = (
				F60002692186217900C661CB /* Base */,
			);
			name = Main.storyboard;
			sourceTree = "<group>";
		};
		F600026D2186217C00C661CB /* LaunchScreen.storyboard */ = {
			isa = PBXVariantGroup;
			children = (
				F600026E2186217C00C661CB /* Base */,
			);
			name = LaunchScreen.storyboard;
			sourceTree = "<group>";
		};
/* End PBXVariantGroup section */

/* Begin XCBuildConfiguration section */
		F60002872186217C00C661CB /* Debug */ = {
			isa = XCBuildConfiguration;
			buildSettings = {
				ALWAYS_SEARCH_USER_PATHS = NO;
				CLANG_ANALYZER_NONNULL = YES;
				CLANG_ANALYZER_NUMBER_OBJECT_CONVERSION = YES_AGGRESSIVE;
				CLANG_CXX_LANGUAGE_STANDARD = "gnu++14";
				CLANG_CXX_LIBRARY = "libc++";
				CLANG_ENABLE_MODULES = YES;
				CLANG_ENABLE_OBJC_ARC = YES;
				CLANG_ENABLE_OBJC_WEAK = YES;
				CLANG_WARN_BLOCK_CAPTURE_AUTORELEASING = YES;
				CLANG_WARN_BOOL_CONVERSION = YES;
				CLANG_WARN_COMMA = YES;
				CLANG_WARN_CONSTANT_CONVERSION = YES;
				CLANG_WARN_DEPRECATED_OBJC_IMPLEMENTATIONS = YES;
				CLANG_WARN_DIRECT_OBJC_ISA_USAGE = YES_ERROR;
				CLANG_WARN_DOCUMENTATION_COMMENTS = YES;
				CLANG_WARN_EMPTY_BODY = YES;
				CLANG_WARN_ENUM_CONVERSION = YES;
				CLANG_WARN_INFINITE_RECURSION = YES;
				CLANG_WARN_INT_CONVERSION = YES;
				CLANG_WARN_NON_LITERAL_NULL_CONVERSION = YES;
				CLANG_WARN_OBJC_IMPLICIT_RETAIN_SELF = YES;
				CLANG_WARN_OBJC_LITERAL_CONVERSION = YES;
				CLANG_WARN_OBJC_ROOT_CLASS = YES_ERROR;
				CLANG_WARN_RANGE_LOOP_ANALYSIS = YES;
				CLANG_WARN_STRICT_PROTOTYPES = YES;
				CLANG_WARN_SUSPICIOUS_MOVE = YES;
				CLANG_WARN_UNGUARDED_AVAILABILITY = YES_AGGRESSIVE;
				CLANG_WARN_UNREACHABLE_CODE = YES;
				CLANG_WARN__DUPLICATE_METHOD_MATCH = YES;
				CODE_SIGN_IDENTITY = "iPhone Developer";
				COPY_PHASE_STRIP = NO;
				DEBUG_INFORMATION_FORMAT = dwarf;
				ENABLE_STRICT_OBJC_MSGSEND = YES;
				ENABLE_TESTABILITY = YES;
				GCC_C_LANGUAGE_STANDARD = gnu11;
				GCC_DYNAMIC_NO_PIC = NO;
				GCC_NO_COMMON_BLOCKS = YES;
				GCC_OPTIMIZATION_LEVEL = 0;
				GCC_PREPROCESSOR_DEFINITIONS = (
					"DEBUG=1",
					"$(inherited)",
				);
				GCC_WARN_64_TO_32_BIT_CONVERSION = YES;
				GCC_WARN_ABOUT_RETURN_TYPE = YES_ERROR;
				GCC_WARN_UNDECLARED_SELECTOR = YES;
				GCC_WARN_UNINITIALIZED_AUTOS = YES_AGGRESSIVE;
				GCC_WARN_UNUSED_FUNCTION = YES;
				GCC_WARN_UNUSED_VARIABLE = YES;
				IPHONEOS_DEPLOYMENT_TARGET = 12.0;
				MTL_ENABLE_DEBUG_INFO = INCLUDE_SOURCE;
				MTL_FAST_MATH = YES;
				ONLY_ACTIVE_ARCH = YES;
				SDKROOT = iphoneos;
				SWIFT_ACTIVE_COMPILATION_CONDITIONS = DEBUG;
				SWIFT_OPTIMIZATION_LEVEL = "-Onone";
			};
			name = Debug;
		};
		F60002882186217C00C661CB /* Release */ = {
			isa = XCBuildConfiguration;
			buildSettings = {
				ALWAYS_SEARCH_USER_PATHS = NO;
				CLANG_ANALYZER_NONNULL = YES;
				CLANG_ANALYZER_NUMBER_OBJECT_CONVERSION = YES_AGGRESSIVE;
				CLANG_CXX_LANGUAGE_STANDARD = "gnu++14";
				CLANG_CXX_LIBRARY = "libc++";
				CLANG_ENABLE_MODULES = YES;
				CLANG_ENABLE_OBJC_ARC = YES;
				CLANG_ENABLE_OBJC_WEAK = YES;
				CLANG_WARN_BLOCK_CAPTURE_AUTORELEASING = YES;
				CLANG_WARN_BOOL_CONVERSION = YES;
				CLANG_WARN_COMMA = YES;
				CLANG_WARN_CONSTANT_CONVERSION = YES;
				CLANG_WARN_DEPRECATED_OBJC_IMPLEMENTATIONS = YES;
				CLANG_WARN_DIRECT_OBJC_ISA_USAGE = YES_ERROR;
				CLANG_WARN_DOCUMENTATION_COMMENTS = YES;
				CLANG_WARN_EMPTY_BODY = YES;
				CLANG_WARN_ENUM_CONVERSION = YES;
				CLANG_WARN_INFINITE_RECURSION = YES;
				CLANG_WARN_INT_CONVERSION = YES;
				CLANG_WARN_NON_LITERAL_NULL_CONVERSION = YES;
				CLANG_WARN_OBJC_IMPLICIT_RETAIN_SELF = YES;
				CLANG_WARN_OBJC_LITERAL_CONVERSION = YES;
				CLANG_WARN_OBJC_ROOT_CLASS = YES_ERROR;
				CLANG_WARN_RANGE_LOOP_ANALYSIS = YES;
				CLANG_WARN_STRICT_PROTOTYPES = YES;
				CLANG_WARN_SUSPICIOUS_MOVE = YES;
				CLANG_WARN_UNGUARDED_AVAILABILITY = YES_AGGRESSIVE;
				CLANG_WARN_UNREACHABLE_CODE = YES;
				CLANG_WARN__DUPLICATE_METHOD_MATCH = YES;
				CODE_SIGN_IDENTITY = "iPhone Developer";
				COPY_PHASE_STRIP = NO;
				DEBUG_INFORMATION_FORMAT = "dwarf-with-dsym";
				ENABLE_NS_ASSERTIONS = NO;
				ENABLE_STRICT_OBJC_MSGSEND = YES;
				GCC_C_LANGUAGE_STANDARD = gnu11;
				GCC_NO_COMMON_BLOCKS = YES;
				GCC_WARN_64_TO_32_BIT_CONVERSION = YES;
				GCC_WARN_ABOUT_RETURN_TYPE = YES_ERROR;
				GCC_WARN_UNDECLARED_SELECTOR = YES;
				GCC_WARN_UNINITIALIZED_AUTOS = YES_AGGRESSIVE;
				GCC_WARN_UNUSED_FUNCTION = YES;
				GCC_WARN_UNUSED_VARIABLE = YES;
				IPHONEOS_DEPLOYMENT_TARGET = 12.0;
				MTL_ENABLE_DEBUG_INFO = NO;
				MTL_FAST_MATH = YES;
				SDKROOT = iphoneos;
				SWIFT_COMPILATION_MODE = wholemodule;
				SWIFT_OPTIMIZATION_LEVEL = "-O";
				VALIDATE_PRODUCT = YES;
			};
			name = Release;
		};
		F600028A2186217C00C661CB /* Debug */ = {
			isa = XCBuildConfiguration;
			buildSettings = {
				ASSETCATALOG_COMPILER_APPICON_NAME = AppIcon;
				CODE_SIGN_STYLE = Automatic;
				DEVELOPMENT_TEAM = D2AL6S4WLN;
				INFOPLIST_FILE = Tinder/Info.plist;
				LD_RUNPATH_SEARCH_PATHS = (
					"$(inherited)",
					"@executable_path/Frameworks",
				);
				PRODUCT_BUNDLE_IDENTIFIER = shrijanaryal.Tinder;
				PRODUCT_NAME = "$(TARGET_NAME)";
				SWIFT_VERSION = 4.2;
				TARGETED_DEVICE_FAMILY = "1,2";
			};
			name = Debug;
		};
		F600028B2186217C00C661CB /* Release */ = {
			isa = XCBuildConfiguration;
			buildSettings = {
				ASSETCATALOG_COMPILER_APPICON_NAME = AppIcon;
				CODE_SIGN_STYLE = Automatic;
				DEVELOPMENT_TEAM = D2AL6S4WLN;
				INFOPLIST_FILE = Tinder/Info.plist;
				LD_RUNPATH_SEARCH_PATHS = (
					"$(inherited)",
					"@executable_path/Frameworks",
				);
				PRODUCT_BUNDLE_IDENTIFIER = shrijanaryal.Tinder;
				PRODUCT_NAME = "$(TARGET_NAME)";
				SWIFT_VERSION = 4.2;
				TARGETED_DEVICE_FAMILY = "1,2";
			};
			name = Release;
		};
		F600028D2186217C00C661CB /* Debug */ = {
			isa = XCBuildConfiguration;
			buildSettings = {
				ALWAYS_EMBED_SWIFT_STANDARD_LIBRARIES = YES;
				BUNDLE_LOADER = "$(TEST_HOST)";
				CODE_SIGN_STYLE = Automatic;
				DEVELOPMENT_TEAM = D2AL6S4WLN;
				INFOPLIST_FILE = TinderTests/Info.plist;
				LD_RUNPATH_SEARCH_PATHS = (
					"$(inherited)",
					"@executable_path/Frameworks",
					"@loader_path/Frameworks",
				);
				PRODUCT_BUNDLE_IDENTIFIER = shrijanaryal.TinderTests;
				PRODUCT_NAME = "$(TARGET_NAME)";
				SWIFT_VERSION = 4.2;
				TARGETED_DEVICE_FAMILY = "1,2";
				TEST_HOST = "$(BUILT_PRODUCTS_DIR)/Tinder.app/Tinder";
			};
			name = Debug;
		};
		F600028E2186217C00C661CB /* Release */ = {
			isa = XCBuildConfiguration;
			buildSettings = {
				ALWAYS_EMBED_SWIFT_STANDARD_LIBRARIES = YES;
				BUNDLE_LOADER = "$(TEST_HOST)";
				CODE_SIGN_STYLE = Automatic;
				DEVELOPMENT_TEAM = D2AL6S4WLN;
				INFOPLIST_FILE = TinderTests/Info.plist;
				LD_RUNPATH_SEARCH_PATHS = (
					"$(inherited)",
					"@executable_path/Frameworks",
					"@loader_path/Frameworks",
				);
				PRODUCT_BUNDLE_IDENTIFIER = shrijanaryal.TinderTests;
				PRODUCT_NAME = "$(TARGET_NAME)";
				SWIFT_VERSION = 4.2;
				TARGETED_DEVICE_FAMILY = "1,2";
				TEST_HOST = "$(BUILT_PRODUCTS_DIR)/Tinder.app/Tinder";
			};
			name = Release;
		};
		F60002902186217C00C661CB /* Debug */ = {
			isa = XCBuildConfiguration;
			buildSettings = {
				ALWAYS_EMBED_SWIFT_STANDARD_LIBRARIES = YES;
				CODE_SIGN_STYLE = Automatic;
				DEVELOPMENT_TEAM = D2AL6S4WLN;
				INFOPLIST_FILE = TinderUITests/Info.plist;
				LD_RUNPATH_SEARCH_PATHS = (
					"$(inherited)",
					"@executable_path/Frameworks",
					"@loader_path/Frameworks",
				);
				PRODUCT_BUNDLE_IDENTIFIER = shrijanaryal.TinderUITests;
				PRODUCT_NAME = "$(TARGET_NAME)";
				SWIFT_VERSION = 4.2;
				TARGETED_DEVICE_FAMILY = "1,2";
				TEST_TARGET_NAME = Tinder;
			};
			name = Debug;
		};
		F60002912186217C00C661CB /* Release */ = {
			isa = XCBuildConfiguration;
			buildSettings = {
				ALWAYS_EMBED_SWIFT_STANDARD_LIBRARIES = YES;
				CODE_SIGN_STYLE = Automatic;
				DEVELOPMENT_TEAM = D2AL6S4WLN;
				INFOPLIST_FILE = TinderUITests/Info.plist;
				LD_RUNPATH_SEARCH_PATHS = (
					"$(inherited)",
					"@executable_path/Frameworks",
					"@loader_path/Frameworks",
				);
				PRODUCT_BUNDLE_IDENTIFIER = shrijanaryal.TinderUITests;
				PRODUCT_NAME = "$(TARGET_NAME)";
				SWIFT_VERSION = 4.2;
				TARGETED_DEVICE_FAMILY = "1,2";
				TEST_TARGET_NAME = Tinder;
			};
			name = Release;
		};
/* End XCBuildConfiguration section */

/* Begin XCConfigurationList section */
		F600025C2186217900C661CB /* Build configuration list for PBXProject "Tinder" */ = {
			isa = XCConfigurationList;
			buildConfigurations = (
				F60002872186217C00C661CB /* Debug */,
				F60002882186217C00C661CB /* Release */,
			);
			defaultConfigurationIsVisible = 0;
			defaultConfigurationName = Release;
		};
		F60002892186217C00C661CB /* Build configuration list for PBXNativeTarget "Tinder" */ = {
			isa = XCConfigurationList;
			buildConfigurations = (
				F600028A2186217C00C661CB /* Debug */,
				F600028B2186217C00C661CB /* Release */,
			);
			defaultConfigurationIsVisible = 0;
			defaultConfigurationName = Release;
		};
		F600028C2186217C00C661CB /* Build configuration list for PBXNativeTarget "TinderTests" */ = {
			isa = XCConfigurationList;
			buildConfigurations = (
				F600028D2186217C00C661CB /* Debug */,
				F600028E2186217C00C661CB /* Release */,
			);
			defaultConfigurationIsVisible = 0;
			defaultConfigurationName = Release;
		};
		F600028F2186217C00C661CB /* Build configuration list for PBXNativeTarget "TinderUITests" */ = {
			isa = XCConfigurationList;
			buildConfigurations = (
				F60002902186217C00C661CB /* Debug */,
				F60002912186217C00C661CB /* Release */,
			);
			defaultConfigurationIsVisible = 0;
			defaultConfigurationName = Release;
		};
/* End XCConfigurationList section */
	};
	rootObject = F60002592186217900C661CB /* Project object */;
}
